
Microsoft Visual Studio Solution File, Format Version 12.00
# Visual Studio Version 17
VisualStudioVersion = 17.14.36518.9
MinimumVisualStudioVersion = 10.0.40219.1
Project("{FAE04EC0-301F-11D3-BF4B-00C04F79EFBC}") = "TrainerCourse", "TrainerCourse\TrainerCourse\TrainerCourse.csproj", "{F98A1701-3A91-4E48-9CF5-50ABFB23030B}"
EndProject
Project("{FAE04EC0-301F-11D3-BF4B-00C04F79EFBC}") = "TrainerCourse.Shared", "TrainerCourse\TrainerCourse.Shared\TrainerCourse.Shared.csproj", "{174A08B0-46F7-47AA-94FC-1B80577D5C7A}"
EndProject
Project("{FAE04EC0-301F-11D3-BF4B-00C04F79EFBC}") = "TrainerCourse.Web", "TrainerCourse\TrainerCourse.Web\TrainerCourse.Web.csproj", "{C17E20AC-6492-44AC-903C-9725C55EF83B}"
EndProject
Project("{FAE04EC0-301F-11D3-BF4B-00C04F79EFBC}") = "TrainerCourse.Web.Client", "TrainerCourse\TrainerCourse.Web.Client\TrainerCourse.Web.Client.csproj", "{CEA208C8-4BE3-4D9F-A33D-784FEA765923}"
EndProject
Project("{FAE04EC0-301F-11D3-BF4B-00C04F79EFBC}") = "TrainerCourse.Backend", "TrainerCourse.Backend\TrainerCourse.Backend.csproj", "{18246139-06D6-41F3-8754-9568E0826B42}"
EndProject
Global
	GlobalSection(SolutionConfigurationPlatforms) = preSolution
		Debug|Any CPU = Debug|Any CPU
		Release|Any CPU = Release|Any CPU
	EndGlobalSection
	GlobalSection(ProjectConfigurationPlatforms) = postSolution
		{F98A1701-3A91-4E48-9CF5-50ABFB23030B}.Debug|Any CPU.ActiveCfg = Debug|Any CPU
		{F98A1701-3A91-4E48-9CF5-50ABFB23030B}.Debug|Any CPU.Build.0 = Debug|Any CPU
		{F98A1701-3A91-4E48-9CF5-50ABFB23030B}.Debug|Any CPU.Deploy.0 = Debug|Any CPU
		{F98A1701-3A91-4E48-9CF5-50ABFB23030B}.Release|Any CPU.ActiveCfg = Release|Any CPU
		{F98A1701-3A91-4E48-9CF5-50ABFB23030B}.Release|Any CPU.Build.0 = Release|Any CPU
		{174A08B0-46F7-47AA-94FC-1B80577D5C7A}.Debug|Any CPU.ActiveCfg = Debug|Any CPU
		{174A08B0-46F7-47AA-94FC-1B80577D5C7A}.Debug|Any CPU.Build.0 = Debug|Any CPU
		{174A08B0-46F7-47AA-94FC-1B80577D5C7A}.Release|Any CPU.ActiveCfg = Release|Any CPU
		{174A08B0-46F7-47AA-94FC-1B80577D5C7A}.Release|Any CPU.Build.0 = Release|Any CPU
		{C17E20AC-6492-44AC-903C-9725C55EF83B}.Debug|Any CPU.ActiveCfg = Debug|Any CPU
		{C17E20AC-6492-44AC-903C-9725C55EF83B}.Debug|Any CPU.Build.0 = Debug|Any CPU
		{C17E20AC-6492-44AC-903C-9725C55EF83B}.Release|Any CPU.ActiveCfg = Release|Any CPU
		{C17E20AC-6492-44AC-903C-9725C55EF83B}.Release|Any CPU.Build.0 = Release|Any CPU
		{CEA208C8-4BE3-4D9F-A33D-784FEA765923}.Debug|Any CPU.ActiveCfg = Debug|Any CPU
		{CEA208C8-4BE3-4D9F-A33D-784FEA765923}.Debug|Any CPU.Build.0 = Debug|Any CPU
		{CEA208C8-4BE3-4D9F-A33D-784FEA765923}.Release|Any CPU.ActiveCfg = Release|Any CPU
		{CEA208C8-4BE3-4D9F-A33D-784FEA765923}.Release|Any CPU.Build.0 = Release|Any CPU
		{18246139-06D6-41F3-8754-9568E0826B42}.Debug|Any CPU.ActiveCfg = Debug|Any CPU
		{18246139-06D6-41F3-8754-9568E0826B42}.Debug|Any CPU.Build.0 = Debug|Any CPU
		{18246139-06D6-41F3-8754-9568E0826B42}.Release|Any CPU.ActiveCfg = Release|Any CPU
		{18246139-06D6-41F3-8754-9568E0826B42}.Release|Any CPU.Build.0 = Release|Any CPU
	EndGlobalSection
	GlobalSection(SolutionProperties) = preSolution
		HideSolutionNode = FALSE
	EndGlobalSection
	GlobalSection(ExtensibilityGlobals) = postSolution
		SolutionGuid = {2D81DDD8-6250-4006-8234-8EAC1E8B856F}
	EndGlobalSection
EndGlobal
